
Microsoft Visual Studio Solution File, Format Version 12.00
# Visual Studio 15
VisualStudioVersion = 15.0.28307.329
MinimumVisualStudioVersion = 10.0.40219.1
Project("{FAE04EC0-301F-11D3-BF4B-00C04F79EFBC}") = "App01_ConsultarCEP.Android", "App01_ConsultarCEP\App01_ConsultarCEP.Android\App01_ConsultarCEP.Android.csproj", "{2E35BAF0-8918-4D2B-9EE0-49084E8F163A}"
EndProject
Project("{FAE04EC0-301F-11D3-BF4B-00C04F79EFBC}") = "App01_ConsultarCEP.iOS", "App01_ConsultarCEP\App01_ConsultarCEP.iOS\App01_ConsultarCEP.iOS.csproj", "{56981EFA-44FD-48E8-ADC8-5CBD9F90CEA2}"
EndProject
Project("{FAE04EC0-301F-11D3-BF4B-00C04F79EFBC}") = "App01_ConsultarCEP.UWP", "App01_ConsultarCEP\App01_ConsultarCEP.UWP\App01_ConsultarCEP.UWP.csproj", "{AE72035D-1EC6-4337-8178-0F859871EC94}"
EndProject
Project("{FAE04EC0-301F-11D3-BF4B-00C04F79EFBC}") = "App01_ConsultarCEP", "App01_ConsultarCEP\App01_ConsultarCEP\App01_ConsultarCEP.csproj", "{99899E29-448A-4161-A418-E33EAFCB1E1A}"
EndProject
Global
	GlobalSection(SolutionConfigurationPlatforms) = preSolution
		Ad-Hoc|Any CPU = Ad-Hoc|Any CPU
		Ad-Hoc|ARM = Ad-Hoc|ARM
		Ad-Hoc|iPhone = Ad-Hoc|iPhone
		Ad-Hoc|iPhoneSimulator = Ad-Hoc|iPhoneSimulator
		Ad-Hoc|x64 = Ad-Hoc|x64
		Ad-Hoc|x86 = Ad-Hoc|x86
		AppStore|Any CPU = AppStore|Any CPU
		AppStore|ARM = AppStore|ARM
		AppStore|iPhone = AppStore|iPhone
		AppStore|iPhoneSimulator = AppStore|iPhoneSimulator
		AppStore|x64 = AppStore|x64
		AppStore|x86 = AppStore|x86
		Debug|Any CPU = Debug|Any CPU
		Debug|ARM = Debug|ARM
		Debug|iPhone = Debug|iPhone
		Debug|iPhoneSimulator = Debug|iPhoneSimulator
		Debug|x64 = Debug|x64
		Debug|x86 = Debug|x86
		Release|Any CPU = Release|Any CPU
		Release|ARM = Release|ARM
		Release|iPhone = Release|iPhone
		Release|iPhoneSimulator = Release|iPhoneSimulator
		Release|x64 = Release|x64
		Release|x86 = Release|x86
	EndGlobalSection
	GlobalSection(ProjectConfigurationPlatforms) = postSolution
		{2E35BAF0-8918-4D2B-9EE0-49084E8F163A}.Ad-Hoc|Any CPU.ActiveCfg = Release|Any CPU
		{2E35BAF0-8918-4D2B-9EE0-49084E8F163A}.Ad-Hoc|Any CPU.Build.0 = Release|Any CPU
		{2E35BAF0-8918-4D2B-9EE0-49084E8F163A}.Ad-Hoc|Any CPU.Deploy.0 = Release|Any CPU
		{2E35BAF0-8918-4D2B-9EE0-49084E8F163A}.Ad-Hoc|ARM.ActiveCfg = Release|Any CPU
		{2E35BAF0-8918-4D2B-9EE0-49084E8F163A}.Ad-Hoc|ARM.Build.0 = Release|Any CPU
		{2E35BAF0-8918-4D2B-9EE0-49084E8F163A}.Ad-Hoc|ARM.Deploy.0 = Release|Any CPU
		{2E35BAF0-8918-4D2B-9EE0-49084E8F163A}.Ad-Hoc|iPhone.ActiveCfg = Release|Any CPU
		{2E35BAF0-8918-4D2B-9EE0-49084E8F163A}.Ad-Hoc|iPhone.Build.0 = Release|Any CPU
		{2E35BAF0-8918-4D2B-9EE0-49084E8F163A}.Ad-Hoc|iPhone.Deploy.0 = Release|Any CPU
		{2E35BAF0-8918-4D2B-9EE0-49084E8F163A}.Ad-Hoc|iPhoneSimulator.ActiveCfg = Release|Any CPU
		{2E35BAF0-8918-4D2B-9EE0-49084E8F163A}.Ad-Hoc|iPhoneSimulator.Build.0 = Release|Any CPU
		{2E35BAF0-8918-4D2B-9EE0-49084E8F163A}.Ad-Hoc|iPhoneSimulator.Deploy.0 = Release|Any CPU
		{2E35BAF0-8918-4D2B-9EE0-49084E8F163A}.Ad-Hoc|x64.ActiveCfg = Release|Any CPU
		{2E35BAF0-8918-4D2B-9EE0-49084E8F163A}.Ad-Hoc|x64.Build.0 = Release|Any CPU
		{2E35BAF0-8918-4D2B-9EE0-49084E8F163A}.Ad-Hoc|x64.Deploy.0 = Release|Any CPU
		{2E35BAF0-8918-4D2B-9EE0-49084E8F163A}.Ad-Hoc|x86.ActiveCfg = Release|Any CPU
		{2E35BAF0-8918-4D2B-9EE0-49084E8F163A}.Ad-Hoc|x86.Build.0 = Release|Any CPU
		{2E35BAF0-8918-4D2B-9EE0-49084E8F163A}.Ad-Hoc|x86.Deploy.0 = Release|Any CPU
		{2E35BAF0-8918-4D2B-9EE0-49084E8F163A}.AppStore|Any CPU.ActiveCfg = Release|Any CPU
		{2E35BAF0-8918-4D2B-9EE0-49084E8F163A}.AppStore|Any CPU.Build.0 = Release|Any CPU
		{2E35BAF0-8918-4D2B-9EE0-49084E8F163A}.AppStore|Any CPU.Deploy.0 = Release|Any CPU
		{2E35BAF0-8918-4D2B-9EE0-49084E8F163A}.AppStore|ARM.ActiveCfg = Release|Any CPU
		{2E35BAF0-8918-4D2B-9EE0-49084E8F163A}.AppStore|ARM.Build.0 = Release|Any CPU
		{2E35BAF0-8918-4D2B-9EE0-49084E8F163A}.AppStore|ARM.Deploy.0 = Release|Any CPU
		{2E35BAF0-8918-4D2B-9EE0-49084E8F163A}.AppStore|iPhone.ActiveCfg = Release|Any CPU
		{2E35BAF0-8918-4D2B-9EE0-49084E8F163A}.AppStore|iPhone.Build.0 = Release|Any CPU
		{2E35BAF0-8918-4D2B-9EE0-49084E8F163A}.AppStore|iPhone.Deploy.0 = Release|Any CPU
		{2E35BAF0-8918-4D2B-9EE0-49084E8F163A}.AppStore|iPhoneSimulator.ActiveCfg = Release|Any CPU
		{2E35BAF0-8918-4D2B-9EE0-49084E8F163A}.AppStore|iPhoneSimulator.Build.0 = Release|Any CPU
		{2E35BAF0-8918-4D2B-9EE0-49084E8F163A}.AppStore|iPhoneSimulator.Deploy.0 = Release|Any CPU
		{2E35BAF0-8918-4D2B-9EE0-49084E8F163A}.AppStore|x64.ActiveCfg = Release|Any CPU
		{2E35BAF0-8918-4D2B-9EE0-49084E8F163A}.AppStore|x64.Build.0 = Release|Any CPU
		{2E35BAF0-8918-4D2B-9EE0-49084E8F163A}.AppStore|x64.Deploy.0 = Release|Any CPU
		{2E35BAF0-8918-4D2B-9EE0-49084E8F163A}.AppStore|x86.ActiveCfg = Release|Any CPU
		{2E35BAF0-8918-4D2B-9EE0-49084E8F163A}.AppStore|x86.Build.0 = Release|Any CPU
		{2E35BAF0-8918-4D2B-9EE0-49084E8F163A}.AppStore|x86.Deploy.0 = Release|Any CPU
		{2E35BAF0-8918-4D2B-9EE0-49084E8F163A}.Debug|Any CPU.ActiveCfg = Debug|Any CPU
		{2E35BAF0-8918-4D2B-9EE0-49084E8F163A}.Debug|Any CPU.Build.0 = Debug|Any CPU
		{2E35BAF0-8918-4D2B-9EE0-49084E8F163A}.Debug|Any CPU.Deploy.0 = Debug|Any CPU
		{2E35BAF0-8918-4D2B-9EE0-49084E8F163A}.Debug|ARM.ActiveCfg = Debug|Any CPU
		{2E35BAF0-8918-4D2B-9EE0-49084E8F163A}.Debug|ARM.Build.0 = Debug|Any CPU
		{2E35BAF0-8918-4D2B-9EE0-49084E8F163A}.Debug|ARM.Deploy.0 = Debug|Any CPU
		{2E35BAF0-8918-4D2B-9EE0-49084E8F163A}.Debug|iPhone.ActiveCfg = Debug|Any CPU
		{2E35BAF0-8918-4D2B-9EE0-49084E8F163A}.Debug|iPhone.Build.0 = Debug|Any CPU
		{2E35BAF0-8918-4D2B-9EE0-49084E8F163A}.Debug|iPhone.Deploy.0 = Debug|Any CPU
		{2E35BAF0-8918-4D2B-9EE0-49084E8F163A}.Debug|iPhoneSimulator.ActiveCfg = Debug|Any CPU
		{2E35BAF0-8918-4D2B-9EE0-49084E8F163A}.Debug|iPhoneSimulator.Build.0 = Debug|Any CPU
		{2E35BAF0-8918-4D2B-9EE0-49084E8F163A}.Debug|iPhoneSimulator.Deploy.0 = Debug|Any CPU
		{2E35BAF0-8918-4D2B-9EE0-49084E8F163A}.Debug|x64.ActiveCfg = Debug|Any CPU
		{2E35BAF0-8918-4D2B-9EE0-49084E8F163A}.Debug|x64.Build.0 = Debug|Any CPU
		{2E35BAF0-8918-4D2B-9EE0-49084E8F163A}.Debug|x64.Deploy.0 = Debug|Any CPU
		{2E35BAF0-8918-4D2B-9EE0-49084E8F163A}.Debug|x86.ActiveCfg = Debug|Any CPU
		{2E35BAF0-8918-4D2B-9EE0-49084E8F163A}.Debug|x86.Build.0 = Debug|Any CPU
		{2E35BAF0-8918-4D2B-9EE0-49084E8F163A}.Debug|x86.Deploy.0 = Debug|Any CPU
		{2E35BAF0-8918-4D2B-9EE0-49084E8F163A}.Release|Any CPU.ActiveCfg = Release|Any CPU
		{2E35BAF0-8918-4D2B-9EE0-49084E8F163A}.Release|Any CPU.Build.0 = Release|Any CPU
		{2E35BAF0-8918-4D2B-9EE0-49084E8F163A}.Release|Any CPU.Deploy.0 = Release|Any CPU
		{2E35BAF0-8918-4D2B-9EE0-49084E8F163A}.Release|ARM.ActiveCfg = Release|Any CPU
		{2E35BAF0-8918-4D2B-9EE0-49084E8F163A}.Release|ARM.Build.0 = Release|Any CPU
		{2E35BAF0-8918-4D2B-9EE0-49084E8F163A}.Release|ARM.Deploy.0 = Release|Any CPU
		{2E35BAF0-8918-4D2B-9EE0-49084E8F163A}.Release|iPhone.ActiveCfg = Release|Any CPU
		{2E35BAF0-8918-4D2B-9EE0-49084E8F163A}.Release|iPhone.Build.0 = Release|Any CPU
		{2E35BAF0-8918-4D2B-9EE0-49084E8F163A}.Release|iPhone.Deploy.0 = Release|Any CPU
		{2E35BAF0-8918-4D2B-9EE0-49084E8F163A}.Release|iPhoneSimulator.ActiveCfg = Release|Any CPU
		{2E35BAF0-8918-4D2B-9EE0-49084E8F163A}.Release|iPhoneSimulator.Build.0 = Release|Any CPU
		{2E35BAF0-8918-4D2B-9EE0-49084E8F163A}.Release|iPhoneSimulator.Deploy.0 = Release|Any CPU
		{2E35BAF0-8918-4D2B-9EE0-49084E8F163A}.Release|x64.ActiveCfg = Release|Any CPU
		{2E35BAF0-8918-4D2B-9EE0-49084E8F163A}.Release|x64.Build.0 = Release|Any CPU
		{2E35BAF0-8918-4D2B-9EE0-49084E8F163A}.Release|x64.Deploy.0 = Release|Any CPU
		{2E35BAF0-8918-4D2B-9EE0-49084E8F163A}.Release|x86.ActiveCfg = Release|Any CPU
		{2E35BAF0-8918-4D2B-9EE0-49084E8F163A}.Release|x86.Build.0 = Release|Any CPU
		{2E35BAF0-8918-4D2B-9EE0-49084E8F163A}.Release|x86.Deploy.0 = Release|Any CPU
		{56981EFA-44FD-48E8-ADC8-5CBD9F90CEA2}.Ad-Hoc|Any CPU.ActiveCfg = Ad-Hoc|iPhone
		{56981EFA-44FD-48E8-ADC8-5CBD9F90CEA2}.Ad-Hoc|Any CPU.Build.0 = Ad-Hoc|iPhone
		{56981EFA-44FD-48E8-ADC8-5CBD9F90CEA2}.Ad-Hoc|Any CPU.Deploy.0 = Ad-Hoc|iPhone
		{56981EFA-44FD-48E8-ADC8-5CBD9F90CEA2}.Ad-Hoc|ARM.ActiveCfg = Ad-Hoc|iPhone
		{56981EFA-44FD-48E8-ADC8-5CBD9F90CEA2}.Ad-Hoc|ARM.Build.0 = Ad-Hoc|iPhone
		{56981EFA-44FD-48E8-ADC8-5CBD9F90CEA2}.Ad-Hoc|ARM.Deploy.0 = Ad-Hoc|iPhone
		{56981EFA-44FD-48E8-ADC8-5CBD9F90CEA2}.Ad-Hoc|iPhone.ActiveCfg = Ad-Hoc|iPhone
		{56981EFA-44FD-48E8-ADC8-5CBD9F90CEA2}.Ad-Hoc|iPhone.Build.0 = Ad-Hoc|iPhone
		{56981EFA-44FD-48E8-ADC8-5CBD9F90CEA2}.Ad-Hoc|iPhone.Deploy.0 = Ad-Hoc|iPhone
		{56981EFA-44FD-48E8-ADC8-5CBD9F90CEA2}.Ad-Hoc|iPhoneSimulator.ActiveCfg = Ad-Hoc|iPhoneSimulator
		{56981EFA-44FD-48E8-ADC8-5CBD9F90CEA2}.Ad-Hoc|iPhoneSimulator.Build.0 = Ad-Hoc|iPhoneSimulator
		{56981EFA-44FD-48E8-ADC8-5CBD9F90CEA2}.Ad-Hoc|iPhoneSimulator.Deploy.0 = Ad-Hoc|iPhoneSimulator
		{56981EFA-44FD-48E8-ADC8-5CBD9F90CEA2}.Ad-Hoc|x64.ActiveCfg = Ad-Hoc|iPhone
		{56981EFA-44FD-48E8-ADC8-5CBD9F90CEA2}.Ad-Hoc|x64.Build.0 = Ad-Hoc|iPhone
		{56981EFA-44FD-48E8-ADC8-5CBD9F90CEA2}.Ad-Hoc|x64.Deploy.0 = Ad-Hoc|iPhone
		{56981EFA-44FD-48E8-ADC8-5CBD9F90CEA2}.Ad-Hoc|x86.ActiveCfg = Ad-Hoc|iPhone
		{56981EFA-44FD-48E8-ADC8-5CBD9F90CEA2}.Ad-Hoc|x86.Build.0 = Ad-Hoc|iPhone
		{56981EFA-44FD-48E8-ADC8-5CBD9F90CEA2}.Ad-Hoc|x86.Deploy.0 = Ad-Hoc|iPhone
		{56981EFA-44FD-48E8-ADC8-5CBD9F90CEA2}.AppStore|Any CPU.ActiveCfg = AppStore|iPhone
		{56981EFA-44FD-48E8-ADC8-5CBD9F90CEA2}.AppStore|Any CPU.Build.0 = AppStore|iPhone
		{56981EFA-44FD-48E8-ADC8-5CBD9F90CEA2}.AppStore|Any CPU.Deploy.0 = AppStore|iPhone
		{56981EFA-44FD-48E8-ADC8-5CBD9F90CEA2}.AppStore|ARM.ActiveCfg = AppStore|iPhone
		{56981EFA-44FD-48E8-ADC8-5CBD9F90CEA2}.AppStore|ARM.Build.0 = AppStore|iPhone
		{56981EFA-44FD-48E8-ADC8-5CBD9F90CEA2}.AppStore|ARM.Deploy.0 = AppStore|iPhone
		{56981EFA-44FD-48E8-ADC8-5CBD9F90CEA2}.AppStore|iPhone.ActiveCfg = AppStore|iPhone
		{56981EFA-44FD-48E8-ADC8-5CBD9F90CEA2}.AppStore|iPhone.Build.0 = AppStore|iPhone
		{56981EFA-44FD-48E8-ADC8-5CBD9F90CEA2}.AppStore|iPhone.Deploy.0 = AppStore|iPhone
		{56981EFA-44FD-48E8-ADC8-5CBD9F90CEA2}.AppStore|iPhoneSimulator.ActiveCfg = AppStore|iPhoneSimulator
		{56981EFA-44FD-48E8-ADC8-5CBD9F90CEA2}.AppStore|iPhoneSimulator.Build.0 = AppStore|iPhoneSimulator
		{56981EFA-44FD-48E8-ADC8-5CBD9F90CEA2}.AppStore|iPhoneSimulator.Deploy.0 = AppStore|iPhoneSimulator
		{56981EFA-44FD-48E8-ADC8-5CBD9F90CEA2}.AppStore|x64.ActiveCfg = AppStore|iPhone
		{56981EFA-44FD-48E8-ADC8-5CBD9F90CEA2}.AppStore|x64.Build.0 = AppStore|iPhone
		{56981EFA-44FD-48E8-ADC8-5CBD9F90CEA2}.AppStore|x64.Deploy.0 = AppStore|iPhone
		{56981EFA-44FD-48E8-ADC8-5CBD9F90CEA2}.AppStore|x86.ActiveCfg = AppStore|iPhone
		{56981EFA-44FD-48E8-ADC8-5CBD9F90CEA2}.AppStore|x86.Build.0 = AppStore|iPhone
		{56981EFA-44FD-48E8-ADC8-5CBD9F90CEA2}.AppStore|x86.Deploy.0 = AppStore|iPhone
		{56981EFA-44FD-48E8-ADC8-5CBD9F90CEA2}.Debug|Any CPU.ActiveCfg = Debug|iPhoneSimulator
		{56981EFA-44FD-48E8-ADC8-5CBD9F90CEA2}.Debug|Any CPU.Build.0 = Debug|iPhoneSimulator
		{56981EFA-44FD-48E8-ADC8-5CBD9F90CEA2}.Debug|Any CPU.Deploy.0 = Debug|iPhoneSimulator
		{56981EFA-44FD-48E8-ADC8-5CBD9F90CEA2}.Debug|ARM.ActiveCfg = Debug|iPhone
		{56981EFA-44FD-48E8-ADC8-5CBD9F90CEA2}.Debug|ARM.Build.0 = Debug|iPhone
		{56981EFA-44FD-48E8-ADC8-5CBD9F90CEA2}.Debug|ARM.Deploy.0 = Debug|iPhone
		{56981EFA-44FD-48E8-ADC8-5CBD9F90CEA2}.Debug|iPhone.ActiveCfg = Debug|iPhone
		{56981EFA-44FD-48E8-ADC8-5CBD9F90CEA2}.Debug|iPhone.Build.0 = Debug|iPhone
		{56981EFA-44FD-48E8-ADC8-5CBD9F90CEA2}.Debug|iPhone.Deploy.0 = Debug|iPhone
		{56981EFA-44FD-48E8-ADC8-5CBD9F90CEA2}.Debug|iPhoneSimulator.ActiveCfg = Debug|iPhoneSimulator
		{56981EFA-44FD-48E8-ADC8-5CBD9F90CEA2}.Debug|iPhoneSimulator.Build.0 = Debug|iPhoneSimulator
		{56981EFA-44FD-48E8-ADC8-5CBD9F90CEA2}.Debug|iPhoneSimulator.Deploy.0 = Debug|iPhoneSimulator
		{56981EFA-44FD-48E8-ADC8-5CBD9F90CEA2}.Debug|x64.ActiveCfg = Debug|iPhone
		{56981EFA-44FD-48E8-ADC8-5CBD9F90CEA2}.Debug|x64.Build.0 = Debug|iPhone
		{56981EFA-44FD-48E8-ADC8-5CBD9F90CEA2}.Debug|x64.Deploy.0 = Debug|iPhone
		{56981EFA-44FD-48E8-ADC8-5CBD9F90CEA2}.Debug|x86.ActiveCfg = Debug|iPhone
		{56981EFA-44FD-48E8-ADC8-5CBD9F90CEA2}.Debug|x86.Build.0 = Debug|iPhone
		{56981EFA-44FD-48E8-ADC8-5CBD9F90CEA2}.Debug|x86.Deploy.0 = Debug|iPhone
		{56981EFA-44FD-48E8-ADC8-5CBD9F90CEA2}.Release|Any CPU.ActiveCfg = Release|iPhone
		{56981EFA-44FD-48E8-ADC8-5CBD9F90CEA2}.Release|Any CPU.Build.0 = Release|iPhone
		{56981EFA-44FD-48E8-ADC8-5CBD9F90CEA2}.Release|Any CPU.Deploy.0 = Release|iPhone
		{56981EFA-44FD-48E8-ADC8-5CBD9F90CEA2}.Release|ARM.ActiveCfg = Release|iPhone
		{56981EFA-44FD-48E8-ADC8-5CBD9F90CEA2}.Release|ARM.Build.0 = Release|iPhone
		{56981EFA-44FD-48E8-ADC8-5CBD9F90CEA2}.Release|ARM.Deploy.0 = Release|iPhone
		{56981EFA-44FD-48E8-ADC8-5CBD9F90CEA2}.Release|iPhone.ActiveCfg = Release|iPhone
		{56981EFA-44FD-48E8-ADC8-5CBD9F90CEA2}.Release|iPhone.Build.0 = Release|iPhone
		{56981EFA-44FD-48E8-ADC8-5CBD9F90CEA2}.Release|iPhone.Deploy.0 = Release|iPhone
		{56981EFA-44FD-48E8-ADC8-5CBD9F90CEA2}.Release|iPhoneSimulator.ActiveCfg = Release|iPhoneSimulator
		{56981EFA-44FD-48E8-ADC8-5CBD9F90CEA2}.Release|iPhoneSimulator.Build.0 = Release|iPhoneSimulator
		{56981EFA-44FD-48E8-ADC8-5CBD9F90CEA2}.Release|iPhoneSimulator.Deploy.0 = Release|iPhoneSimulator
		{56981EFA-44FD-48E8-ADC8-5CBD9F90CEA2}.Release|x64.ActiveCfg = Release|iPhone
		{56981EFA-44FD-48E8-ADC8-5CBD9F90CEA2}.Release|x64.Build.0 = Release|iPhone
		{56981EFA-44FD-48E8-ADC8-5CBD9F90CEA2}.Release|x64.Deploy.0 = Release|iPhone
		{56981EFA-44FD-48E8-ADC8-5CBD9F90CEA2}.Release|x86.ActiveCfg = Release|iPhone
		{56981EFA-44FD-48E8-ADC8-5CBD9F90CEA2}.Release|x86.Build.0 = Release|iPhone
		{56981EFA-44FD-48E8-ADC8-5CBD9F90CEA2}.Release|x86.Deploy.0 = Release|iPhone
		{AE72035D-1EC6-4337-8178-0F859871EC94}.Ad-Hoc|Any CPU.ActiveCfg = Release|x86
		{AE72035D-1EC6-4337-8178-0F859871EC94}.Ad-Hoc|Any CPU.Build.0 = Release|x86
		{AE72035D-1EC6-4337-8178-0F859871EC94}.Ad-Hoc|Any CPU.Deploy.0 = Release|x86
		{AE72035D-1EC6-4337-8178-0F859871EC94}.Ad-Hoc|ARM.ActiveCfg = Release|ARM
		{AE72035D-1EC6-4337-8178-0F859871EC94}.Ad-Hoc|ARM.Build.0 = Release|ARM
		{AE72035D-1EC6-4337-8178-0F859871EC94}.Ad-Hoc|ARM.Deploy.0 = Release|ARM
		{AE72035D-1EC6-4337-8178-0F859871EC94}.Ad-Hoc|iPhone.ActiveCfg = Release|x86
		{AE72035D-1EC6-4337-8178-0F859871EC94}.Ad-Hoc|iPhone.Build.0 = Release|x86
		{AE72035D-1EC6-4337-8178-0F859871EC94}.Ad-Hoc|iPhone.Deploy.0 = Release|x86
		{AE72035D-1EC6-4337-8178-0F859871EC94}.Ad-Hoc|iPhoneSimulator.ActiveCfg = Release|x86
		{AE72035D-1EC6-4337-8178-0F859871EC94}.Ad-Hoc|iPhoneSimulator.Build.0 = Release|x86
		{AE72035D-1EC6-4337-8178-0F859871EC94}.Ad-Hoc|iPhoneSimulator.Deploy.0 = Release|x86
		{AE72035D-1EC6-4337-8178-0F859871EC94}.Ad-Hoc|x64.ActiveCfg = Release|x64
		{AE72035D-1EC6-4337-8178-0F859871EC94}.Ad-Hoc|x64.Build.0 = Release|x64
		{AE72035D-1EC6-4337-8178-0F859871EC94}.Ad-Hoc|x64.Deploy.0 = Release|x64
		{AE72035D-1EC6-4337-8178-0F859871EC94}.Ad-Hoc|x86.ActiveCfg = Release|x86
		{AE72035D-1EC6-4337-8178-0F859871EC94}.Ad-Hoc|x86.Build.0 = Release|x86
		{AE72035D-1EC6-4337-8178-0F859871EC94}.Ad-Hoc|x86.Deploy.0 = Release|x86
		{AE72035D-1EC6-4337-8178-0F859871EC94}.AppStore|Any CPU.ActiveCfg = Release|x86
		{AE72035D-1EC6-4337-8178-0F859871EC94}.AppStore|Any CPU.Build.0 = Release|x86
		{AE72035D-1EC6-4337-8178-0F859871EC94}.AppStore|Any CPU.Deploy.0 = Release|x86
		{AE72035D-1EC6-4337-8178-0F859871EC94}.AppStore|ARM.ActiveCfg = Release|ARM
		{AE72035D-1EC6-4337-8178-0F859871EC94}.AppStore|ARM.Build.0 = Release|ARM
		{AE72035D-1EC6-4337-8178-0F859871EC94}.AppStore|ARM.Deploy.0 = Release|ARM
		{AE72035D-1EC6-4337-8178-0F859871EC94}.AppStore|iPhone.ActiveCfg = Release|x86
		{AE72035D-1EC6-4337-8178-0F859871EC94}.AppStore|iPhone.Build.0 = Release|x86
		{AE72035D-1EC6-4337-8178-0F859871EC94}.AppStore|iPhone.Deploy.0 = Release|x86
		{AE72035D-1EC6-4337-8178-0F859871EC94}.AppStore|iPhoneSimulator.ActiveCfg = Release|x86
		{AE72035D-1EC6-4337-8178-0F859871EC94}.AppStore|iPhoneSimulator.Build.0 = Release|x86
		{AE72035D-1EC6-4337-8178-0F859871EC94}.AppStore|iPhoneSimulator.Deploy.0 = Release|x86
		{AE72035D-1EC6-4337-8178-0F859871EC94}.AppStore|x64.ActiveCfg = Release|x64
		{AE72035D-1EC6-4337-8178-0F859871EC94}.AppStore|x64.Build.0 = Release|x64
		{AE72035D-1EC6-4337-8178-0F859871EC94}.AppStore|x64.Deploy.0 = Release|x64
		{AE72035D-1EC6-4337-8178-0F859871EC94}.AppStore|x86.ActiveCfg = Release|x86
		{AE72035D-1EC6-4337-8178-0F859871EC94}.AppStore|x86.Build.0 = Release|x86
		{AE72035D-1EC6-4337-8178-0F859871EC94}.AppStore|x86.Deploy.0 = Release|x86
		{AE72035D-1EC6-4337-8178-0F859871EC94}.Debug|Any CPU.ActiveCfg = Debug|x86
		{AE72035D-1EC6-4337-8178-0F859871EC94}.Debug|Any CPU.Build.0 = Debug|x86
		{AE72035D-1EC6-4337-8178-0F859871EC94}.Debug|Any CPU.Deploy.0 = Debug|x86
		{AE72035D-1EC6-4337-8178-0F859871EC94}.Debug|ARM.ActiveCfg = Debug|ARM
		{AE72035D-1EC6-4337-8178-0F859871EC94}.Debug|ARM.Build.0 = Debug|ARM
		{AE72035D-1EC6-4337-8178-0F859871EC94}.Debug|ARM.Deploy.0 = Debug|ARM
		{AE72035D-1EC6-4337-8178-0F859871EC94}.Debug|iPhone.ActiveCfg = Debug|x86
		{AE72035D-1EC6-4337-8178-0F859871EC94}.Debug|iPhone.Build.0 = Debug|x86
		{AE72035D-1EC6-4337-8178-0F859871EC94}.Debug|iPhone.Deploy.0 = Debug|x86
		{AE72035D-1EC6-4337-8178-0F859871EC94}.Debug|iPhoneSimulator.ActiveCfg = Debug|x86
		{AE72035D-1EC6-4337-8178-0F859871EC94}.Debug|iPhoneSimulator.Build.0 = Debug|x86
		{AE72035D-1EC6-4337-8178-0F859871EC94}.Debug|iPhoneSimulator.Deploy.0 = Debug|x86
		{AE72035D-1EC6-4337-8178-0F859871EC94}.Debug|x64.ActiveCfg = Debug|x64
		{AE72035D-1EC6-4337-8178-0F859871EC94}.Debug|x64.Build.0 = Debug|x64
		{AE72035D-1EC6-4337-8178-0F859871EC94}.Debug|x64.Deploy.0 = Debug|x64
		{AE72035D-1EC6-4337-8178-0F859871EC94}.Debug|x86.ActiveCfg = Debug|x86
		{AE72035D-1EC6-4337-8178-0F859871EC94}.Debug|x86.Build.0 = Debug|x86
		{AE72035D-1EC6-4337-8178-0F859871EC94}.Debug|x86.Deploy.0 = Debug|x86
		{AE72035D-1EC6-4337-8178-0F859871EC94}.Release|Any CPU.ActiveCfg = Release|x86
		{AE72035D-1EC6-4337-8178-0F859871EC94}.Release|Any CPU.Build.0 = Release|x86
		{AE72035D-1EC6-4337-8178-0F859871EC94}.Release|Any CPU.Deploy.0 = Release|x86
		{AE72035D-1EC6-4337-8178-0F859871EC94}.Release|ARM.ActiveCfg = Release|ARM
		{AE72035D-1EC6-4337-8178-0F859871EC94}.Release|ARM.Build.0 = Release|ARM
		{AE72035D-1EC6-4337-8178-0F859871EC94}.Release|ARM.Deploy.0 = Release|ARM
		{AE72035D-1EC6-4337-8178-0F859871EC94}.Release|iPhone.ActiveCfg = Release|x86
		{AE72035D-1EC6-4337-8178-0F859871EC94}.Release|iPhone.Build.0 = Release|x86
		{AE72035D-1EC6-4337-8178-0F859871EC94}.Release|iPhone.Deploy.0 = Release|x86
		{AE72035D-1EC6-4337-8178-0F859871EC94}.Release|iPhoneSimulator.ActiveCfg = Release|x86
		{AE72035D-1EC6-4337-8178-0F859871EC94}.Release|iPhoneSimulator.Build.0 = Release|x86
		{AE72035D-1EC6-4337-8178-0F859871EC94}.Release|iPhoneSimulator.Deploy.0 = Release|x86
		{AE72035D-1EC6-4337-8178-0F859871EC94}.Release|x64.ActiveCfg = Release|x64
		{AE72035D-1EC6-4337-8178-0F859871EC94}.Release|x64.Build.0 = Release|x64
		{AE72035D-1EC6-4337-8178-0F859871EC94}.Release|x64.Deploy.0 = Release|x64
		{AE72035D-1EC6-4337-8178-0F859871EC94}.Release|x86.ActiveCfg = Release|x86
		{AE72035D-1EC6-4337-8178-0F859871EC94}.Release|x86.Build.0 = Release|x86
		{AE72035D-1EC6-4337-8178-0F859871EC94}.Release|x86.Deploy.0 = Release|x86
		{99899E29-448A-4161-A418-E33EAFCB1E1A}.Ad-Hoc|Any CPU.ActiveCfg = Debug|Any CPU
		{99899E29-448A-4161-A418-E33EAFCB1E1A}.Ad-Hoc|Any CPU.Build.0 = Debug|Any CPU
		{99899E29-448A-4161-A418-E33EAFCB1E1A}.Ad-Hoc|Any CPU.Deploy.0 = Debug|Any CPU
		{99899E29-448A-4161-A418-E33EAFCB1E1A}.Ad-Hoc|ARM.ActiveCfg = Debug|Any CPU
		{99899E29-448A-4161-A418-E33EAFCB1E1A}.Ad-Hoc|ARM.Build.0 = Debug|Any CPU
		{99899E29-448A-4161-A418-E33EAFCB1E1A}.Ad-Hoc|ARM.Deploy.0 = Debug|Any CPU
		{99899E29-448A-4161-A418-E33EAFCB1E1A}.Ad-Hoc|iPhone.ActiveCfg = Debug|Any CPU
		{99899E29-448A-4161-A418-E33EAFCB1E1A}.Ad-Hoc|iPhone.Build.0 = Debug|Any CPU
		{99899E29-448A-4161-A418-E33EAFCB1E1A}.Ad-Hoc|iPhone.Deploy.0 = Debug|Any CPU
		{99899E29-448A-4161-A418-E33EAFCB1E1A}.Ad-Hoc|iPhoneSimulator.ActiveCfg = Debug|Any CPU
		{99899E29-448A-4161-A418-E33EAFCB1E1A}.Ad-Hoc|iPhoneSimulator.Build.0 = Debug|Any CPU
		{99899E29-448A-4161-A418-E33EAFCB1E1A}.Ad-Hoc|iPhoneSimulator.Deploy.0 = Debug|Any CPU
		{99899E29-448A-4161-A418-E33EAFCB1E1A}.Ad-Hoc|x64.ActiveCfg = Debug|Any CPU
		{99899E29-448A-4161-A418-E33EAFCB1E1A}.Ad-Hoc|x64.Build.0 = Debug|Any CPU
		{99899E29-448A-4161-A418-E33EAFCB1E1A}.Ad-Hoc|x64.Deploy.0 = Debug|Any CPU
		{99899E29-448A-4161-A418-E33EAFCB1E1A}.Ad-Hoc|x86.ActiveCfg = Debug|Any CPU
		{99899E29-448A-4161-A418-E33EAFCB1E1A}.Ad-Hoc|x86.Build.0 = Debug|Any CPU
		{99899E29-448A-4161-A418-E33EAFCB1E1A}.Ad-Hoc|x86.Deploy.0 = Debug|Any CPU
		{99899E29-448A-4161-A418-E33EAFCB1E1A}.AppStore|Any CPU.ActiveCfg = Debug|Any CPU
		{99899E29-448A-4161-A418-E33EAFCB1E1A}.AppStore|Any CPU.Build.0 = Debug|Any CPU
		{99899E29-448A-4161-A418-E33EAFCB1E1A}.AppStore|Any CPU.Deploy.0 = Debug|Any CPU
		{99899E29-448A-4161-A418-E33EAFCB1E1A}.AppStore|ARM.ActiveCfg = Debug|Any CPU
		{99899E29-448A-4161-A418-E33EAFCB1E1A}.AppStore|ARM.Build.0 = Debug|Any CPU
		{99899E29-448A-4161-A418-E33EAFCB1E1A}.AppStore|ARM.Deploy.0 = Debug|Any CPU
		{99899E29-448A-4161-A418-E33EAFCB1E1A}.AppStore|iPhone.ActiveCfg = Debug|Any CPU
		{99899E29-448A-4161-A418-E33EAFCB1E1A}.AppStore|iPhone.Build.0 = Debug|Any CPU
		{99899E29-448A-4161-A418-E33EAFCB1E1A}.AppStore|iPhone.Deploy.0 = Debug|Any CPU
		{99899E29-448A-4161-A418-E33EAFCB1E1A}.AppStore|iPhoneSimulator.ActiveCfg = Debug|Any CPU
		{99899E29-448A-4161-A418-E33EAFCB1E1A}.AppStore|iPhoneSimulator.Build.0 = Debug|Any CPU
		{99899E29-448A-4161-A418-E33EAFCB1E1A}.AppStore|iPhoneSimulator.Deploy.0 = Debug|Any CPU
		{99899E29-448A-4161-A418-E33EAFCB1E1A}.AppStore|x64.ActiveCfg = Debug|Any CPU
		{99899E29-448A-4161-A418-E33EAFCB1E1A}.AppStore|x64.Build.0 = Debug|Any CPU
		{99899E29-448A-4161-A418-E33EAFCB1E1A}.AppStore|x64.Deploy.0 = Debug|Any CPU
		{99899E29-448A-4161-A418-E33EAFCB1E1A}.AppStore|x86.ActiveCfg = Debug|Any CPU
		{99899E29-448A-4161-A418-E33EAFCB1E1A}.AppStore|x86.Build.0 = Debug|Any CPU
		{99899E29-448A-4161-A418-E33EAFCB1E1A}.AppStore|x86.Deploy.0 = Debug|Any CPU
		{99899E29-448A-4161-A418-E33EAFCB1E1A}.Debug|Any CPU.ActiveCfg = Debug|Any CPU
		{99899E29-448A-4161-A418-E33EAFCB1E1A}.Debug|Any CPU.Build.0 = Debug|Any CPU
		{99899E29-448A-4161-A418-E33EAFCB1E1A}.Debug|Any CPU.Deploy.0 = Debug|Any CPU
		{99899E29-448A-4161-A418-E33EAFCB1E1A}.Debug|ARM.ActiveCfg = Debug|Any CPU
		{99899E29-448A-4161-A418-E33EAFCB1E1A}.Debug|ARM.Build.0 = Debug|Any CPU
		{99899E29-448A-4161-A418-E33EAFCB1E1A}.Debug|ARM.Deploy.0 = Debug|Any CPU
		{99899E29-448A-4161-A418-E33EAFCB1E1A}.Debug|iPhone.ActiveCfg = Debug|Any CPU
		{99899E29-448A-4161-A418-E33EAFCB1E1A}.Debug|iPhone.Build.0 = Debug|Any CPU
		{99899E29-448A-4161-A418-E33EAFCB1E1A}.Debug|iPhone.Deploy.0 = Debug|Any CPU
		{99899E29-448A-4161-A418-E33EAFCB1E1A}.Debug|iPhoneSimulator.ActiveCfg = Debug|Any CPU
		{99899E29-448A-4161-A418-E33EAFCB1E1A}.Debug|iPhoneSimulator.Build.0 = Debug|Any CPU
		{99899E29-448A-4161-A418-E33EAFCB1E1A}.Debug|iPhoneSimulator.Deploy.0 = Debug|Any CPU
		{99899E29-448A-4161-A418-E33EAFCB1E1A}.Debug|x64.ActiveCfg = Debug|Any CPU
		{99899E29-448A-4161-A418-E33EAFCB1E1A}.Debug|x64.Build.0 = Debug|Any CPU
		{99899E29-448A-4161-A418-E33EAFCB1E1A}.Debug|x64.Deploy.0 = Debug|Any CPU
		{99899E29-448A-4161-A418-E33EAFCB1E1A}.Debug|x86.ActiveCfg = Debug|Any CPU
		{99899E29-448A-4161-A418-E33EAFCB1E1A}.Debug|x86.Build.0 = Debug|Any CPU
		{99899E29-448A-4161-A418-E33EAFCB1E1A}.Debug|x86.Deploy.0 = Debug|Any CPU
		{99899E29-448A-4161-A418-E33EAFCB1E1A}.Release|Any CPU.ActiveCfg = Release|Any CPU
		{99899E29-448A-4161-A418-E33EAFCB1E1A}.Release|Any CPU.Build.0 = Release|Any CPU
		{99899E29-448A-4161-A418-E33EAFCB1E1A}.Release|Any CPU.Deploy.0 = Release|Any CPU
		{99899E29-448A-4161-A418-E33EAFCB1E1A}.Release|ARM.ActiveCfg = Release|Any CPU
		{99899E29-448A-4161-A418-E33EAFCB1E1A}.Release|ARM.Build.0 = Release|Any CPU
		{99899E29-448A-4161-A418-E33EAFCB1E1A}.Release|ARM.Deploy.0 = Release|Any CPU
		{99899E29-448A-4161-A418-E33EAFCB1E1A}.Release|iPhone.ActiveCfg = Release|Any CPU
		{99899E29-448A-4161-A418-E33EAFCB1E1A}.Release|iPhone.Build.0 = Release|Any CPU
		{99899E29-448A-4161-A418-E33EAFCB1E1A}.Release|iPhone.Deploy.0 = Release|Any CPU
		{99899E29-448A-4161-A418-E33EAFCB1E1A}.Release|iPhoneSimulator.ActiveCfg = Release|Any CPU
		{99899E29-448A-4161-A418-E33EAFCB1E1A}.Release|iPhoneSimulator.Build.0 = Release|Any CPU
		{99899E29-448A-4161-A418-E33EAFCB1E1A}.Release|iPhoneSimulator.Deploy.0 = Release|Any CPU
		{99899E29-448A-4161-A418-E33EAFCB1E1A}.Release|x64.ActiveCfg = Release|Any CPU
		{99899E29-448A-4161-A418-E33EAFCB1E1A}.Release|x64.Build.0 = Release|Any CPU
		{99899E29-448A-4161-A418-E33EAFCB1E1A}.Release|x64.Deploy.0 = Release|Any CPU
		{99899E29-448A-4161-A418-E33EAFCB1E1A}.Release|x86.ActiveCfg = Release|Any CPU
		{99899E29-448A-4161-A418-E33EAFCB1E1A}.Release|x86.Build.0 = Release|Any CPU
		{99899E29-448A-4161-A418-E33EAFCB1E1A}.Release|x86.Deploy.0 = Release|Any CPU
	EndGlobalSection
	GlobalSection(SolutionProperties) = preSolution
		HideSolutionNode = FALSE
	EndGlobalSection
	GlobalSection(ExtensibilityGlobals) = postSolution
		SolutionGuid = {57224D7E-EABB-4623-A0D6-8309F5970591}
	EndGlobalSection
EndGlobal
